
Microsoft Visual Studio Solution File, Format Version 12.00
# Visual Studio Version 16
VisualStudioVersion = 16.0.28803.156
MinimumVisualStudioVersion = 10.0.40219.1
Project("{FAE04EC0-301F-11D3-BF4B-00C04F79EFBC}") = "ScoreKeeper", "ScoreKeeper\ScoreKeeper.csproj", "{2D344970-53B0-4515-8F22-8FF988A38A47}"
EndProject
Project("{FAE04EC0-301F-11D3-BF4B-00C04F79EFBC}") = "ScoreHub", "ScoreHub\ScoreHub.csproj", "{2E7B75B5-CD3A-4E2F-AC10-366E68D600F2}"
EndProject
Global
	GlobalSection(SolutionConfigurationPlatforms) = preSolution
		Debug|Any CPU = Debug|Any CPU
		Debug|x64 = Debug|x64
		Debug|x86 = Debug|x86
		Release|Any CPU = Release|Any CPU
		Release|x64 = Release|x64
		Release|x86 = Release|x86
	EndGlobalSection
	GlobalSection(ProjectConfigurationPlatforms) = postSolution
		{2D344970-53B0-4515-8F22-8FF988A38A47}.Debug|Any CPU.ActiveCfg = Debug|Any CPU
		{2D344970-53B0-4515-8F22-8FF988A38A47}.Debug|Any CPU.Build.0 = Debug|Any CPU
		{2D344970-53B0-4515-8F22-8FF988A38A47}.Debug|x64.ActiveCfg = Debug|Any CPU
		{2D344970-53B0-4515-8F22-8FF988A38A47}.Debug|x64.Build.0 = Debug|Any CPU
		{2D344970-53B0-4515-8F22-8FF988A38A47}.Debug|x86.ActiveCfg = Debug|Any CPU
		{2D344970-53B0-4515-8F22-8FF988A38A47}.Debug|x86.Build.0 = Debug|Any CPU
		{2D344970-53B0-4515-8F22-8FF988A38A47}.Release|Any CPU.ActiveCfg = Release|Any CPU
		{2D344970-53B0-4515-8F22-8FF988A38A47}.Release|Any CPU.Build.0 = Release|Any CPU
		{2D344970-53B0-4515-8F22-8FF988A38A47}.Release|x64.ActiveCfg = Release|Any CPU
		{2D344970-53B0-4515-8F22-8FF988A38A47}.Release|x64.Build.0 = Release|Any CPU
		{2D344970-53B0-4515-8F22-8FF988A38A47}.Release|x86.ActiveCfg = Release|Any CPU
		{2D344970-53B0-4515-8F22-8FF988A38A47}.Release|x86.Build.0 = Release|Any CPU
		{2E7B75B5-CD3A-4E2F-AC10-366E68D600F2}.Debug|Any CPU.ActiveCfg = Debug|Any CPU
		{2E7B75B5-CD3A-4E2F-AC10-366E68D600F2}.Debug|Any CPU.Build.0 = Debug|Any CPU
		{2E7B75B5-CD3A-4E2F-AC10-366E68D600F2}.Debug|x64.ActiveCfg = Debug|Any CPU
		{2E7B75B5-CD3A-4E2F-AC10-366E68D600F2}.Debug|x64.Build.0 = Debug|Any CPU
		{2E7B75B5-CD3A-4E2F-AC10-366E68D600F2}.Debug|x86.ActiveCfg = Debug|Any CPU
		{2E7B75B5-CD3A-4E2F-AC10-366E68D600F2}.Debug|x86.Build.0 = Debug|Any CPU
		{2E7B75B5-CD3A-4E2F-AC10-366E68D600F2}.Release|Any CPU.ActiveCfg = Release|Any CPU
		{2E7B75B5-CD3A-4E2F-AC10-366E68D600F2}.Release|Any CPU.Build.0 = Release|Any CPU
		{2E7B75B5-CD3A-4E2F-AC10-366E68D600F2}.Release|x64.ActiveCfg = Release|Any CPU
		{2E7B75B5-CD3A-4E2F-AC10-366E68D600F2}.Release|x64.Build.0 = Release|Any CPU
		{2E7B75B5-CD3A-4E2F-AC10-366E68D600F2}.Release|x86.ActiveCfg = Release|Any CPU
		{2E7B75B5-CD3A-4E2F-AC10-366E68D600F2}.Release|x86.Build.0 = Release|Any CPU
	EndGlobalSection
	GlobalSection(SolutionProperties) = preSolution
		HideSolutionNode = FALSE
	EndGlobalSection
	GlobalSection(ExtensibilityGlobals) = postSolution
		SolutionGuid = {35C17E2C-132C-4622-9A4E-2597AE4B2077}
	EndGlobalSection
EndGlobal
